
Microsoft Visual Studio Solution File, Format Version 12.00
# Visual Studio Version 17
VisualStudioVersion = 17.3.32811.315
MinimumVisualStudioVersion = 10.0.40219.1
Project("{FAE04EC0-301F-11D3-BF4B-00C04F79EFBC}") = "UsersApp.UI", "UsersApp.UI\UsersApp.UI.csproj", "{1164D09B-8963-4815-8AAC-E17B32F687F9}"
EndProject
Project("{FAE04EC0-301F-11D3-BF4B-00C04F79EFBC}") = "UsersApp.Core", "UsersApp.Core\UsersApp.Core.csproj", "{9325B235-99E3-4A20-8AA8-DDC88AF1DD2C}"
EndProject
Project("{FAE04EC0-301F-11D3-BF4B-00C04F79EFBC}") = "UsersApp.Infrastructure", "UsersApp.Infrastructure\UsersApp.Infrastructure.csproj", "{DB561CED-F326-43C2-8D63-3CB1586B5B11}"
EndProject
Global
	GlobalSection(SolutionConfigurationPlatforms) = preSolution
		Debug|Any CPU = Debug|Any CPU
		Release|Any CPU = Release|Any CPU
	EndGlobalSection
	GlobalSection(ProjectConfigurationPlatforms) = postSolution
		{1164D09B-8963-4815-8AAC-E17B32F687F9}.Debug|Any CPU.ActiveCfg = Debug|Any CPU
		{1164D09B-8963-4815-8AAC-E17B32F687F9}.Debug|Any CPU.Build.0 = Debug|Any CPU
		{1164D09B-8963-4815-8AAC-E17B32F687F9}.Release|Any CPU.ActiveCfg = Release|Any CPU
		{1164D09B-8963-4815-8AAC-E17B32F687F9}.Release|Any CPU.Build.0 = Release|Any CPU
		{9325B235-99E3-4A20-8AA8-DDC88AF1DD2C}.Debug|Any CPU.ActiveCfg = Debug|Any CPU
		{9325B235-99E3-4A20-8AA8-DDC88AF1DD2C}.Debug|Any CPU.Build.0 = Debug|Any CPU
		{9325B235-99E3-4A20-8AA8-DDC88AF1DD2C}.Release|Any CPU.ActiveCfg = Release|Any CPU
		{9325B235-99E3-4A20-8AA8-DDC88AF1DD2C}.Release|Any CPU.Build.0 = Release|Any CPU
		{DB561CED-F326-43C2-8D63-3CB1586B5B11}.Debug|Any CPU.ActiveCfg = Debug|Any CPU
		{DB561CED-F326-43C2-8D63-3CB1586B5B11}.Debug|Any CPU.Build.0 = Debug|Any CPU
		{DB561CED-F326-43C2-8D63-3CB1586B5B11}.Release|Any CPU.ActiveCfg = Release|Any CPU
		{DB561CED-F326-43C2-8D63-3CB1586B5B11}.Release|Any CPU.Build.0 = Release|Any CPU
	EndGlobalSection
	GlobalSection(SolutionProperties) = preSolution
		HideSolutionNode = FALSE
	EndGlobalSection
	GlobalSection(ExtensibilityGlobals) = postSolution
		SolutionGuid = {42E55FBB-AB7D-4EAC-80EE-B27800E94A3C}
	EndGlobalSection
EndGlobal
